
Microsoft Visual Studio Solution File, Format Version 12.00
# Visual Studio Version 17
VisualStudioVersion = 17.11.35222.181
MinimumVisualStudioVersion = 10.0.40219.1
Project("{FAE04EC0-301F-11D3-BF4B-00C04F79EFBC}") = "SysAlunos", "SysAlunos\SysAlunos.csproj", "{1664DA77-F04F-47AA-9063-3F57B67A1FD7}"
EndProject
Global
	GlobalSection(SolutionConfigurationPlatforms) = preSolution
		Debug|Any CPU = Debug|Any CPU
		Release|Any CPU = Release|Any CPU
	EndGlobalSection
	GlobalSection(ProjectConfigurationPlatforms) = postSolution
		{1664DA77-F04F-47AA-9063-3F57B67A1FD7}.Debug|Any CPU.ActiveCfg = Debug|Any CPU
		{1664DA77-F04F-47AA-9063-3F57B67A1FD7}.Debug|Any CPU.Build.0 = Debug|Any CPU
		{1664DA77-F04F-47AA-9063-3F57B67A1FD7}.Release|Any CPU.ActiveCfg = Release|Any CPU
		{1664DA77-F04F-47AA-9063-3F57B67A1FD7}.Release|Any CPU.Build.0 = Release|Any CPU
	EndGlobalSection
	GlobalSection(SolutionProperties) = preSolution
		HideSolutionNode = FALSE
	EndGlobalSection
	GlobalSection(ExtensibilityGlobals) = postSolution
		SolutionGuid = {7839D33E-F0DD-47B2-A3F9-85928A5918FF}
	EndGlobalSection
EndGlobal
